
Microsoft Visual Studio Solution File, Format Version 12.00
# Visual Studio Version 16
VisualStudioVersion = 16.0.31729.503
MinimumVisualStudioVersion = 10.0.40219.1
Project("{9A19103F-16F7-4668-BE54-9A1E7A4F7556}") = "LexiconA9", "LexiconA9\LexiconA9.csproj", "{968C60BD-CBCF-49E7-BBE7-79DCCC48A075}"
EndProject
Global
	GlobalSection(SolutionConfigurationPlatforms) = preSolution
		Debug|Any CPU = Debug|Any CPU
		Release|Any CPU = Release|Any CPU
	EndGlobalSection
	GlobalSection(ProjectConfigurationPlatforms) = postSolution
		{968C60BD-CBCF-49E7-BBE7-79DCCC48A075}.Debug|Any CPU.ActiveCfg = Debug|Any CPU
		{968C60BD-CBCF-49E7-BBE7-79DCCC48A075}.Debug|Any CPU.Build.0 = Debug|Any CPU
		{968C60BD-CBCF-49E7-BBE7-79DCCC48A075}.Release|Any CPU.ActiveCfg = Release|Any CPU
		{968C60BD-CBCF-49E7-BBE7-79DCCC48A075}.Release|Any CPU.Build.0 = Release|Any CPU
	EndGlobalSection
	GlobalSection(SolutionProperties) = preSolution
		HideSolutionNode = FALSE
	EndGlobalSection
	GlobalSection(ExtensibilityGlobals) = postSolution
		SolutionGuid = {B2FE093D-F4BE-4958-B18B-8FF14FEC7FEA}
	EndGlobalSection
EndGlobal
